// !$*UTF8*$!
{
	archiveVersion = 1;
	classes = {
	};
	objectVersion = 55;
	objects = {

/* Begin PBXBuildFile section */
		44074BBF28DE19CD00ABDB53 /* ImageDetailsViewModel.swift in Sources */ = {isa = PBXBuildFile; fileRef = 44074BBE28DE19CD00ABDB53 /* ImageDetailsViewModel.swift */; };
		44074BC128DE1E2B00ABDB53 /* DetailViewController.swift in Sources */ = {isa = PBXBuildFile; fileRef = 44074BC028DE1E2B00ABDB53 /* DetailViewController.swift */; };
		44074BC328DE384900ABDB53 /* UIImageView+Extensions.swift in Sources */ = {isa = PBXBuildFile; fileRef = 44074BC228DE384900ABDB53 /* UIImageView+Extensions.swift */; };
		44A4624628D715D90060AB2A /* AppDelegate.swift in Sources */ = {isa = PBXBuildFile; fileRef = 44A4624528D715D90060AB2A /* AppDelegate.swift */; };
		44A4624828D715D90060AB2A /* SceneDelegate.swift in Sources */ = {isa = PBXBuildFile; fileRef = 44A4624728D715D90060AB2A /* SceneDelegate.swift */; };
		44A4624D28D715D90060AB2A /* Main.storyboard in Resources */ = {isa = PBXBuildFile; fileRef = 44A4624B28D715D90060AB2A /* Main.storyboard */; };
		44A4624F28D715D90060AB2A /* Assets.xcassets in Resources */ = {isa = PBXBuildFile; fileRef = 44A4624E28D715D90060AB2A /* Assets.xcassets */; };
		44A4625228D715D90060AB2A /* LaunchScreen.storyboard in Resources */ = {isa = PBXBuildFile; fileRef = 44A4625028D715D90060AB2A /* LaunchScreen.storyboard */; };
		44A4625D28D715D90060AB2A /* ImageSearchTests.swift in Sources */ = {isa = PBXBuildFile; fileRef = 44A4625C28D715D90060AB2A /* ImageSearchTests.swift */; };
		44A4626728D715D90060AB2A /* ImageSearchUITests.swift in Sources */ = {isa = PBXBuildFile; fileRef = 44A4626628D715D90060AB2A /* ImageSearchUITests.swift */; };
		44A4626928D715D90060AB2A /* ImageSearchUITestsLaunchTests.swift in Sources */ = {isa = PBXBuildFile; fileRef = 44A4626828D715D90060AB2A /* ImageSearchUITestsLaunchTests.swift */; };
		44A4627928D718AA0060AB2A /* HomeViewController.swift in Sources */ = {isa = PBXBuildFile; fileRef = 44A4627828D718AA0060AB2A /* HomeViewController.swift */; };
		44A4627B28D7199C0060AB2A /* SearchResponseModel.swift in Sources */ = {isa = PBXBuildFile; fileRef = 44A4627A28D7199C0060AB2A /* SearchResponseModel.swift */; };
		44A4627D28D71A150060AB2A /* ImageQueryModel.swift in Sources */ = {isa = PBXBuildFile; fileRef = 44A4627C28D71A150060AB2A /* ImageQueryModel.swift */; };
		44A4628028D71DEB0060AB2A /* ImageResultTableViewCell.swift in Sources */ = {isa = PBXBuildFile; fileRef = 44A4627E28D71DEB0060AB2A /* ImageResultTableViewCell.swift */; };
		44A4628128D71DEB0060AB2A /* ImageResultTableViewCell.xib in Resources */ = {isa = PBXBuildFile; fileRef = 44A4627F28D71DEB0060AB2A /* ImageResultTableViewCell.xib */; };
		44A4628528D726400060AB2A /* NetworkService.swift in Sources */ = {isa = PBXBuildFile; fileRef = 44A4628428D726400060AB2A /* NetworkService.swift */; };
		44A4628928D741C10060AB2A /* QueryResultViewModel.swift in Sources */ = {isa = PBXBuildFile; fileRef = 44A4628828D741C10060AB2A /* QueryResultViewModel.swift */; };
		44A4628B28D752790060AB2A /* Constants.swift in Sources */ = {isa = PBXBuildFile; fileRef = 44A4628A28D752790060AB2A /* Constants.swift */; };
		44A4628E28D8BA550060AB2A /* ProviderModel.swift in Sources */ = {isa = PBXBuildFile; fileRef = 44A4628D28D8BA550060AB2A /* ProviderModel.swift */; };
		44ADDA6828DCD9E100DACA57 /* SampleJsonResponseWithTwoValues.json in Resources */ = {isa = PBXBuildFile; fileRef = 44ADDA6728DCD9E100DACA57 /* SampleJsonResponseWithTwoValues.json */; };
/* End PBXBuildFile section */

/* Begin PBXContainerItemProxy section */
		44A4625928D715D90060AB2A /* PBXContainerItemProxy */ = {
			isa = PBXContainerItemProxy;
			containerPortal = 44A4623A28D715D90060AB2A /* Project object */;
			proxyType = 1;
			remoteGlobalIDString = 44A4624128D715D90060AB2A;
			remoteInfo = ImageSearch;
		};
		44A4626328D715D90060AB2A /* PBXContainerItemProxy */ = {
			isa = PBXContainerItemProxy;
			containerPortal = 44A4623A28D715D90060AB2A /* Project object */;
			proxyType = 1;
			remoteGlobalIDString = 44A4624128D715D90060AB2A;
			remoteInfo = ImageSearch;
		};
/* End PBXContainerItemProxy section */

/* Begin PBXFileReference section */
		44074BBE28DE19CD00ABDB53 /* ImageDetailsViewModel.swift */ = {isa = PBXFileReference; lastKnownFileType = sourcecode.swift; path = ImageDetailsViewModel.swift; sourceTree = "<group>"; };
		44074BC028DE1E2B00ABDB53 /* DetailViewController.swift */ = {isa = PBXFileReference; lastKnownFileType = sourcecode.swift; path = DetailViewController.swift; sourceTree = "<group>"; };
		44074BC228DE384900ABDB53 /* UIImageView+Extensions.swift */ = {isa = PBXFileReference; lastKnownFileType = sourcecode.swift; path = "UIImageView+Extensions.swift"; sourceTree = "<group>"; };
		44A4624228D715D90060AB2A /* ImageSearch.app */ = {isa = PBXFileReference; explicitFileType = wrapper.application; includeInIndex = 0; path = ImageSearch.app; sourceTree = BUILT_PRODUCTS_DIR; };
		44A4624528D715D90060AB2A /* AppDelegate.swift */ = {isa = PBXFileReference; lastKnownFileType = sourcecode.swift; path = AppDelegate.swift; sourceTree = "<group>"; };
		44A4624728D715D90060AB2A /* SceneDelegate.swift */ = {isa = PBXFileReference; lastKnownFileType = sourcecode.swift; path = SceneDelegate.swift; sourceTree = "<group>"; };
		44A4624C28D715D90060AB2A /* Base */ = {isa = PBXFileReference; lastKnownFileType = file.storyboard; name = Base; path = Base.lproj/Main.storyboard; sourceTree = "<group>"; };
		44A4624E28D715D90060AB2A /* Assets.xcassets */ = {isa = PBXFileReference; lastKnownFileType = folder.assetcatalog; path = Assets.xcassets; sourceTree = "<group>"; };
		44A4625128D715D90060AB2A /* Base */ = {isa = PBXFileReference; lastKnownFileType = file.storyboard; name = Base; path = Base.lproj/LaunchScreen.storyboard; sourceTree = "<group>"; };
		44A4625328D715D90060AB2A /* Info.plist */ = {isa = PBXFileReference; lastKnownFileType = text.plist.xml; path = Info.plist; sourceTree = "<group>"; };
		44A4625828D715D90060AB2A /* ImageSearchTests.xctest */ = {isa = PBXFileReference; explicitFileType = wrapper.cfbundle; includeInIndex = 0; path = ImageSearchTests.xctest; sourceTree = BUILT_PRODUCTS_DIR; };
		44A4625C28D715D90060AB2A /* ImageSearchTests.swift */ = {isa = PBXFileReference; lastKnownFileType = sourcecode.swift; path = ImageSearchTests.swift; sourceTree = "<group>"; };
		44A4626228D715D90060AB2A /* ImageSearchUITests.xctest */ = {isa = PBXFileReference; explicitFileType = wrapper.cfbundle; includeInIndex = 0; path = ImageSearchUITests.xctest; sourceTree = BUILT_PRODUCTS_DIR; };
		44A4626628D715D90060AB2A /* ImageSearchUITests.swift */ = {isa = PBXFileReference; lastKnownFileType = sourcecode.swift; path = ImageSearchUITests.swift; sourceTree = "<group>"; };
		44A4626828D715D90060AB2A /* ImageSearchUITestsLaunchTests.swift */ = {isa = PBXFileReference; lastKnownFileType = sourcecode.swift; path = ImageSearchUITestsLaunchTests.swift; sourceTree = "<group>"; };
		44A4627828D718AA0060AB2A /* HomeViewController.swift */ = {isa = PBXFileReference; lastKnownFileType = sourcecode.swift; path = HomeViewController.swift; sourceTree = "<group>"; };
		44A4627A28D7199C0060AB2A /* SearchResponseModel.swift */ = {isa = PBXFileReference; lastKnownFileType = sourcecode.swift; path = SearchResponseModel.swift; sourceTree = "<group>"; };
		44A4627C28D71A150060AB2A /* ImageQueryModel.swift */ = {isa = PBXFileReference; lastKnownFileType = sourcecode.swift; path = ImageQueryModel.swift; sourceTree = "<group>"; };
		44A4627E28D71DEB0060AB2A /* ImageResultTableViewCell.swift */ = {isa = PBXFileReference; lastKnownFileType = sourcecode.swift; path = ImageResultTableViewCell.swift; sourceTree = "<group>"; };
		44A4627F28D71DEB0060AB2A /* ImageResultTableViewCell.xib */ = {isa = PBXFileReference; lastKnownFileType = file.xib; path = ImageResultTableViewCell.xib; sourceTree = "<group>"; };
		44A4628428D726400060AB2A /* NetworkService.swift */ = {isa = PBXFileReference; lastKnownFileType = sourcecode.swift; path = NetworkService.swift; sourceTree = "<group>"; };
		44A4628828D741C10060AB2A /* QueryResultViewModel.swift */ = {isa = PBXFileReference; lastKnownFileType = sourcecode.swift; path = QueryResultViewModel.swift; sourceTree = "<group>"; };
		44A4628A28D752790060AB2A /* Constants.swift */ = {isa = PBXFileReference; lastKnownFileType = sourcecode.swift; path = Constants.swift; sourceTree = "<group>"; };
		44A4628D28D8BA550060AB2A /* ProviderModel.swift */ = {isa = PBXFileReference; lastKnownFileType = sourcecode.swift; path = ProviderModel.swift; sourceTree = "<group>"; };
		44ADDA6728DCD9E100DACA57 /* SampleJsonResponseWithTwoValues.json */ = {isa = PBXFileReference; fileEncoding = 4; lastKnownFileType = text.json; path = SampleJsonResponseWithTwoValues.json; sourceTree = "<group>"; };
/* End PBXFileReference section */

/* Begin PBXFrameworksBuildPhase section */
		44A4623F28D715D90060AB2A /* Frameworks */ = {
			isa = PBXFrameworksBuildPhase;
			buildActionMask = 2147483647;
			files = (
			);
			runOnlyForDeploymentPostprocessing = 0;
		};
		44A4625528D715D90060AB2A /* Frameworks */ = {
			isa = PBXFrameworksBuildPhase;
			buildActionMask = 2147483647;
			files = (
			);
			runOnlyForDeploymentPostprocessing = 0;
		};
		44A4625F28D715D90060AB2A /* Frameworks */ = {
			isa = PBXFrameworksBuildPhase;
			buildActionMask = 2147483647;
			files = (
			);
			runOnlyForDeploymentPostprocessing = 0;
		};
/* End PBXFrameworksBuildPhase section */

/* Begin PBXGroup section */
		44A4623928D715D90060AB2A = {
			isa = PBXGroup;
			children = (
				44A4624428D715D90060AB2A /* ImageSearch */,
				44A4625B28D715D90060AB2A /* ImageSearchTests */,
				44A4626528D715D90060AB2A /* ImageSearchUITests */,
				44A4624328D715D90060AB2A /* Products */,
			);
			sourceTree = "<group>";
		};
		44A4624328D715D90060AB2A /* Products */ = {
			isa = PBXGroup;
			children = (
				44A4624228D715D90060AB2A /* ImageSearch.app */,
				44A4625828D715D90060AB2A /* ImageSearchTests.xctest */,
				44A4626228D715D90060AB2A /* ImageSearchUITests.xctest */,
			);
			name = Products;
			sourceTree = "<group>";
		};
		44A4624428D715D90060AB2A /* ImageSearch */ = {
			isa = PBXGroup;
			children = (
				44A4628328D71EC50060AB2A /* Controller */,
				44A4628228D71E9F0060AB2A /* Utils */,
				44A4627728D718810060AB2A /* View */,
				44A4627628D718600060AB2A /* ViewModel */,
				44A4627528D718570060AB2A /* Model */,
				44A4624528D715D90060AB2A /* AppDelegate.swift */,
				44A4624728D715D90060AB2A /* SceneDelegate.swift */,
				44A4624B28D715D90060AB2A /* Main.storyboard */,
				44A4624E28D715D90060AB2A /* Assets.xcassets */,
				44A4625028D715D90060AB2A /* LaunchScreen.storyboard */,
				44A4625328D715D90060AB2A /* Info.plist */,
			);
			path = ImageSearch;
			sourceTree = "<group>";
		};
		44A4625B28D715D90060AB2A /* ImageSearchTests */ = {
			isa = PBXGroup;
			children = (
				44A4625C28D715D90060AB2A /* ImageSearchTests.swift */,
			);
			path = ImageSearchTests;
			sourceTree = "<group>";
		};
		44A4626528D715D90060AB2A /* ImageSearchUITests */ = {
			isa = PBXGroup;
			children = (
				44A4626628D715D90060AB2A /* ImageSearchUITests.swift */,
				44A4626828D715D90060AB2A /* ImageSearchUITestsLaunchTests.swift */,
			);
			path = ImageSearchUITests;
			sourceTree = "<group>";
		};
		44A4627528D718570060AB2A /* Model */ = {
			isa = PBXGroup;
			children = (
				44ADDA6728DCD9E100DACA57 /* SampleJsonResponseWithTwoValues.json */,
				44A4627A28D7199C0060AB2A /* SearchResponseModel.swift */,
				44A4627C28D71A150060AB2A /* ImageQueryModel.swift */,
				44A4628D28D8BA550060AB2A /* ProviderModel.swift */,
			);
			path = Model;
			sourceTree = "<group>";
		};
		44A4627628D718600060AB2A /* ViewModel */ = {
			isa = PBXGroup;
			children = (
				44A4628828D741C10060AB2A /* QueryResultViewModel.swift */,
				44074BBE28DE19CD00ABDB53 /* ImageDetailsViewModel.swift */,
			);
			path = ViewModel;
			sourceTree = "<group>";
		};
		44A4627728D718810060AB2A /* View */ = {
			isa = PBXGroup;
			children = (
				44A4627E28D71DEB0060AB2A /* ImageResultTableViewCell.swift */,
				44A4627F28D71DEB0060AB2A /* ImageResultTableViewCell.xib */,
			);
			path = View;
			sourceTree = "<group>";
		};
		44A4628228D71E9F0060AB2A /* Utils */ = {
			isa = PBXGroup;
			children = (
				44A4628428D726400060AB2A /* NetworkService.swift */,
				44A4628A28D752790060AB2A /* Constants.swift */,
				44074BC228DE384900ABDB53 /* UIImageView+Extensions.swift */,
			);
			path = Utils;
			sourceTree = "<group>";
		};
		44A4628328D71EC50060AB2A /* Controller */ = {
			isa = PBXGroup;
			children = (
				44A4627828D718AA0060AB2A /* HomeViewController.swift */,
				44074BC028DE1E2B00ABDB53 /* DetailViewController.swift */,
			);
			path = Controller;
			sourceTree = "<group>";
		};
/* End PBXGroup section */

/* Begin PBXNativeTarget section */
		44A4624128D715D90060AB2A /* ImageSearch */ = {
			isa = PBXNativeTarget;
			buildConfigurationList = 44A4626C28D715D90060AB2A /* Build configuration list for PBXNativeTarget "ImageSearch" */;
			buildPhases = (
				44A4623E28D715D90060AB2A /* Sources */,
				44A4623F28D715D90060AB2A /* Frameworks */,
				44A4624028D715D90060AB2A /* Resources */,
			);
			buildRules = (
			);
			dependencies = (
			);
			name = ImageSearch;
			productName = ImageSearch;
			productReference = 44A4624228D715D90060AB2A /* ImageSearch.app */;
			productType = "com.apple.product-type.application";
		};
		44A4625728D715D90060AB2A /* ImageSearchTests */ = {
			isa = PBXNativeTarget;
			buildConfigurationList = 44A4626F28D715D90060AB2A /* Build configuration list for PBXNativeTarget "ImageSearchTests" */;
			buildPhases = (
				44A4625428D715D90060AB2A /* Sources */,
				44A4625528D715D90060AB2A /* Frameworks */,
				44A4625628D715D90060AB2A /* Resources */,
			);
			buildRules = (
			);
			dependencies = (
				44A4625A28D715D90060AB2A /* PBXTargetDependency */,
			);
			name = ImageSearchTests;
			productName = ImageSearchTests;
			productReference = 44A4625828D715D90060AB2A /* ImageSearchTests.xctest */;
			productType = "com.apple.product-type.bundle.unit-test";
		};
		44A4626128D715D90060AB2A /* ImageSearchUITests */ = {
			isa = PBXNativeTarget;
			buildConfigurationList = 44A4627228D715D90060AB2A /* Build configuration list for PBXNativeTarget "ImageSearchUITests" */;
			buildPhases = (
				44A4625E28D715D90060AB2A /* Sources */,
				44A4625F28D715D90060AB2A /* Frameworks */,
				44A4626028D715D90060AB2A /* Resources */,
			);
			buildRules = (
			);
			dependencies = (
				44A4626428D715D90060AB2A /* PBXTargetDependency */,
			);
			name = ImageSearchUITests;
			productName = ImageSearchUITests;
			productReference = 44A4626228D715D90060AB2A /* ImageSearchUITests.xctest */;
			productType = "com.apple.product-type.bundle.ui-testing";
		};
/* End PBXNativeTarget section */

/* Begin PBXProject section */
		44A4623A28D715D90060AB2A /* Project object */ = {
			isa = PBXProject;
			attributes = {
				BuildIndependentTargetsInParallel = 1;
				LastSwiftUpdateCheck = 1340;
				LastUpgradeCheck = 1340;
				TargetAttributes = {
					44A4624128D715D90060AB2A = {
						CreatedOnToolsVersion = 13.4.1;
					};
					44A4625728D715D90060AB2A = {
						CreatedOnToolsVersion = 13.4.1;
						TestTargetID = 44A4624128D715D90060AB2A;
					};
					44A4626128D715D90060AB2A = {
						CreatedOnToolsVersion = 13.4.1;
						TestTargetID = 44A4624128D715D90060AB2A;
					};
				};
			};
			buildConfigurationList = 44A4623D28D715D90060AB2A /* Build configuration list for PBXProject "ImageSearch" */;
			compatibilityVersion = "Xcode 13.0";
			developmentRegion = en;
			hasScannedForEncodings = 0;
			knownRegions = (
				en,
				Base,
			);
			mainGroup = 44A4623928D715D90060AB2A;
			productRefGroup = 44A4624328D715D90060AB2A /* Products */;
			projectDirPath = "";
			projectRoot = "";
			targets = (
				44A4624128D715D90060AB2A /* ImageSearch */,
				44A4625728D715D90060AB2A /* ImageSearchTests */,
				44A4626128D715D90060AB2A /* ImageSearchUITests */,
			);
		};
/* End PBXProject section */

/* Begin PBXResourcesBuildPhase section */
		44A4624028D715D90060AB2A /* Resources */ = {
			isa = PBXResourcesBuildPhase;
			buildActionMask = 2147483647;
			files = (
				44A4625228D715D90060AB2A /* LaunchScreen.storyboard in Resources */,
				44ADDA6828DCD9E100DACA57 /* SampleJsonResponseWithTwoValues.json in Resources */,
				44A4624F28D715D90060AB2A /* Assets.xcassets in Resources */,
				44A4628128D71DEB0060AB2A /* ImageResultTableViewCell.xib in Resources */,
				44A4624D28D715D90060AB2A /* Main.storyboard in Resources */,
			);
			runOnlyForDeploymentPostprocessing = 0;
		};
		44A4625628D715D90060AB2A /* Resources */ = {
			isa = PBXResourcesBuildPhase;
			buildActionMask = 2147483647;
			files = (
			);
			runOnlyForDeploymentPostprocessing = 0;
		};
		44A4626028D715D90060AB2A /* Resources */ = {
			isa = PBXResourcesBuildPhase;
			buildActionMask = 2147483647;
			files = (
			);
			runOnlyForDeploymentPostprocessing = 0;
		};
/* End PBXResourcesBuildPhase section */

/* Begin PBXSourcesBuildPhase section */
		44A4623E28D715D90060AB2A /* Sources */ = {
			isa = PBXSourcesBuildPhase;
			buildActionMask = 2147483647;
			files = (
				44A4628E28D8BA550060AB2A /* ProviderModel.swift in Sources */,
				44A4624628D715D90060AB2A /* AppDelegate.swift in Sources */,
				44A4627D28D71A150060AB2A /* ImageQueryModel.swift in Sources */,
				44074BC128DE1E2B00ABDB53 /* DetailViewController.swift in Sources */,
				44A4624828D715D90060AB2A /* SceneDelegate.swift in Sources */,
				44A4628528D726400060AB2A /* NetworkService.swift in Sources */,
				44A4627B28D7199C0060AB2A /* SearchResponseModel.swift in Sources */,
				44A4628B28D752790060AB2A /* Constants.swift in Sources */,
				44074BBF28DE19CD00ABDB53 /* ImageDetailsViewModel.swift in Sources */,
				44A4628928D741C10060AB2A /* QueryResultViewModel.swift in Sources */,
				44074BC328DE384900ABDB53 /* UIImageView+Extensions.swift in Sources */,
				44A4628028D71DEB0060AB2A /* ImageResultTableViewCell.swift in Sources */,
				44A4627928D718AA0060AB2A /* HomeViewController.swift in Sources */,
			);
			runOnlyForDeploymentPostprocessing = 0;
		};
		44A4625428D715D90060AB2A /* Sources */ = {
			isa = PBXSourcesBuildPhase;
			buildActionMask = 2147483647;
			files = (
				44A4625D28D715D90060AB2A /* ImageSearchTests.swift in Sources */,
			);
			runOnlyForDeploymentPostprocessing = 0;
		};
		44A4625E28D715D90060AB2A /* Sources */ = {
			isa = PBXSourcesBuildPhase;
			buildActionMask = 2147483647;
			files = (
				44A4626928D715D90060AB2A /* ImageSearchUITestsLaunchTests.swift in Sources */,
				44A4626728D715D90060AB2A /* ImageSearchUITests.swift in Sources */,
			);
			runOnlyForDeploymentPostprocessing = 0;
		};
/* End PBXSourcesBuildPhase section */

/* Begin PBXTargetDependency section */
		44A4625A28D715D90060AB2A /* PBXTargetDependency */ = {
			isa = PBXTargetDependency;
			target = 44A4624128D715D90060AB2A /* ImageSearch */;
			targetProxy = 44A4625928D715D90060AB2A /* PBXContainerItemProxy */;
		};
		44A4626428D715D90060AB2A /* PBXTargetDependency */ = {
			isa = PBXTargetDependency;
			target = 44A4624128D715D90060AB2A /* ImageSearch */;
			targetProxy = 44A4626328D715D90060AB2A /* PBXContainerItemProxy */;
		};
/* End PBXTargetDependency section */

/* Begin PBXVariantGroup section */
		44A4624B28D715D90060AB2A /* Main.storyboard */ = {
			isa = PBXVariantGroup;
			children = (
				44A4624C28D715D90060AB2A /* Base */,
			);
			name = Main.storyboard;
			sourceTree = "<group>";
		};
		44A4625028D715D90060AB2A /* LaunchScreen.storyboard */ = {
			isa = PBXVariantGroup;
			children = (
				44A4625128D715D90060AB2A /* Base */,
			);
			name = LaunchScreen.storyboard;
			sourceTree = "<group>";
		};
/* End PBXVariantGroup section */

/* Begin XCBuildConfiguration section */
		44A4626A28D715D90060AB2A /* Debug */ = {
			isa = XCBuildConfiguration;
			buildSettings = {
				ALWAYS_SEARCH_USER_PATHS = NO;
				CLANG_ANALYZER_NONNULL = YES;
				CLANG_ANALYZER_NUMBER_OBJECT_CONVERSION = YES_AGGRESSIVE;
				CLANG_CXX_LANGUAGE_STANDARD = "gnu++17";
				CLANG_ENABLE_MODULES = YES;
				CLANG_ENABLE_OBJC_ARC = YES;
				CLANG_ENABLE_OBJC_WEAK = YES;
				CLANG_WARN_BLOCK_CAPTURE_AUTORELEASING = YES;
				CLANG_WARN_BOOL_CONVERSION = YES;
				CLANG_WARN_COMMA = YES;
				CLANG_WARN_CONSTANT_CONVERSION = YES;
				CLANG_WARN_DEPRECATED_OBJC_IMPLEMENTATIONS = YES;
				CLANG_WARN_DIRECT_OBJC_ISA_USAGE = YES_ERROR;
				CLANG_WARN_DOCUMENTATION_COMMENTS = YES;
				CLANG_WARN_EMPTY_BODY = YES;
				CLANG_WARN_ENUM_CONVERSION = YES;
				CLANG_WARN_INFINITE_RECURSION = YES;
				CLANG_WARN_INT_CONVERSION = YES;
				CLANG_WARN_NON_LITERAL_NULL_CONVERSION = YES;
				CLANG_WARN_OBJC_IMPLICIT_RETAIN_SELF = YES;
				CLANG_WARN_OBJC_LITERAL_CONVERSION = YES;
				CLANG_WARN_OBJC_ROOT_CLASS = YES_ERROR;
				CLANG_WARN_QUOTED_INCLUDE_IN_FRAMEWORK_HEADER = YES;
				CLANG_WARN_RANGE_LOOP_ANALYSIS = YES;
				CLANG_WARN_STRICT_PROTOTYPES = YES;
				CLANG_WARN_SUSPICIOUS_MOVE = YES;
				CLANG_WARN_UNGUARDED_AVAILABILITY = YES_AGGRESSIVE;
				CLANG_WARN_UNREACHABLE_CODE = YES;
				CLANG_WARN__DUPLICATE_METHOD_MATCH = YES;
				COPY_PHASE_STRIP = NO;
				DEBUG_INFORMATION_FORMAT = dwarf;
				ENABLE_STRICT_OBJC_MSGSEND = YES;
				ENABLE_TESTABILITY = YES;
				GCC_C_LANGUAGE_STANDARD = gnu11;
				GCC_DYNAMIC_NO_PIC = NO;
				GCC_NO_COMMON_BLOCKS = YES;
				GCC_OPTIMIZATION_LEVEL = 0;
				GCC_PREPROCESSOR_DEFINITIONS = (
					"DEBUG=1",
					"$(inherited)",
				);
				GCC_WARN_64_TO_32_BIT_CONVERSION = YES;
				GCC_WARN_ABOUT_RETURN_TYPE = YES_ERROR;
				GCC_WARN_UNDECLARED_SELECTOR = YES;
				GCC_WARN_UNINITIALIZED_AUTOS = YES_AGGRESSIVE;
				GCC_WARN_UNUSED_FUNCTION = YES;
				GCC_WARN_UNUSED_VARIABLE = YES;
				IPHONEOS_DEPLOYMENT_TARGET = 15.5;
				MTL_ENABLE_DEBUG_INFO = INCLUDE_SOURCE;
				MTL_FAST_MATH = YES;
				ONLY_ACTIVE_ARCH = YES;
				SDKROOT = iphoneos;
				SWIFT_ACTIVE_COMPILATION_CONDITIONS = DEBUG;
				SWIFT_OPTIMIZATION_LEVEL = "-Onone";
			};
			name = Debug;
		};
		44A4626B28D715D90060AB2A /* Release */ = {
			isa = XCBuildConfiguration;
			buildSettings = {
				ALWAYS_SEARCH_USER_PATHS = NO;
				CLANG_ANALYZER_NONNULL = YES;
				CLANG_ANALYZER_NUMBER_OBJECT_CONVERSION = YES_AGGRESSIVE;
				CLANG_CXX_LANGUAGE_STANDARD = "gnu++17";
				CLANG_ENABLE_MODULES = YES;
				CLANG_ENABLE_OBJC_ARC = YES;
				CLANG_ENABLE_OBJC_WEAK = YES;
				CLANG_WARN_BLOCK_CAPTURE_AUTORELEASING = YES;
				CLANG_WARN_BOOL_CONVERSION = YES;
				CLANG_WARN_COMMA = YES;
				CLANG_WARN_CONSTANT_CONVERSION = YES;
				CLANG_WARN_DEPRECATED_OBJC_IMPLEMENTATIONS = YES;
				CLANG_WARN_DIRECT_OBJC_ISA_USAGE = YES_ERROR;
				CLANG_WARN_DOCUMENTATION_COMMENTS = YES;
				CLANG_WARN_EMPTY_BODY = YES;
				CLANG_WARN_ENUM_CONVERSION = YES;
				CLANG_WARN_INFINITE_RECURSION = YES;
				CLANG_WARN_INT_CONVERSION = YES;
				CLANG_WARN_NON_LITERAL_NULL_CONVERSION = YES;
				CLANG_WARN_OBJC_IMPLICIT_RETAIN_SELF = YES;
				CLANG_WARN_OBJC_LITERAL_CONVERSION = YES;
				CLANG_WARN_OBJC_ROOT_CLASS = YES_ERROR;
				CLANG_WARN_QUOTED_INCLUDE_IN_FRAMEWORK_HEADER = YES;
				CLANG_WARN_RANGE_LOOP_ANALYSIS = YES;
				CLANG_WARN_STRICT_PROTOTYPES = YES;
				CLANG_WARN_SUSPICIOUS_MOVE = YES;
				CLANG_WARN_UNGUARDED_AVAILABILITY = YES_AGGRESSIVE;
				CLANG_WARN_UNREACHABLE_CODE = YES;
				CLANG_WARN__DUPLICATE_METHOD_MATCH = YES;
				COPY_PHASE_STRIP = NO;
				DEBUG_INFORMATION_FORMAT = "dwarf-with-dsym";
				ENABLE_NS_ASSERTIONS = NO;
				ENABLE_STRICT_OBJC_MSGSEND = YES;
				GCC_C_LANGUAGE_STANDARD = gnu11;
				GCC_NO_COMMON_BLOCKS = YES;
				GCC_WARN_64_TO_32_BIT_CONVERSION = YES;
				GCC_WARN_ABOUT_RETURN_TYPE = YES_ERROR;
				GCC_WARN_UNDECLARED_SELECTOR = YES;
				GCC_WARN_UNINITIALIZED_AUTOS = YES_AGGRESSIVE;
				GCC_WARN_UNUSED_FUNCTION = YES;
				GCC_WARN_UNUSED_VARIABLE = YES;
				IPHONEOS_DEPLOYMENT_TARGET = 15.5;
				MTL_ENABLE_DEBUG_INFO = NO;
				MTL_FAST_MATH = YES;
				SDKROOT = iphoneos;
				SWIFT_COMPILATION_MODE = wholemodule;
				SWIFT_OPTIMIZATION_LEVEL = "-O";
				VALIDATE_PRODUCT = YES;
			};
			name = Release;
		};
		44A4626D28D715D90060AB2A /* Debug */ = {
			isa = XCBuildConfiguration;
			buildSettings = {
				ASSETCATALOG_COMPILER_APPICON_NAME = AppIcon;
				ASSETCATALOG_COMPILER_GLOBAL_ACCENT_COLOR_NAME = AccentColor;
				CODE_SIGN_STYLE = Automatic;
				CURRENT_PROJECT_VERSION = 1;
				DEVELOPMENT_TEAM = QQHVHMVA9Q;
				GENERATE_INFOPLIST_FILE = YES;
				INFOPLIST_FILE = ImageSearch/Info.plist;
				INFOPLIST_KEY_UIApplicationSupportsIndirectInputEvents = YES;
				INFOPLIST_KEY_UILaunchStoryboardName = LaunchScreen;
				INFOPLIST_KEY_UIMainStoryboardFile = Main;
				INFOPLIST_KEY_UISupportedInterfaceOrientations_iPad = "UIInterfaceOrientationPortrait UIInterfaceOrientationPortraitUpsideDown UIInterfaceOrientationLandscapeLeft UIInterfaceOrientationLandscapeRight";
				INFOPLIST_KEY_UISupportedInterfaceOrientations_iPhone = "UIInterfaceOrientationPortrait UIInterfaceOrientationLandscapeLeft UIInterfaceOrientationLandscapeRight";
				LD_RUNPATH_SEARCH_PATHS = (
					"$(inherited)",
					"@executable_path/Frameworks",
				);
				MARKETING_VERSION = 1.0;
				PRODUCT_BUNDLE_IDENTIFIER = jwcw.ImageSearch;
				PRODUCT_NAME = "$(TARGET_NAME)";
				SWIFT_EMIT_LOC_STRINGS = YES;
				SWIFT_VERSION = 5.0;
				TARGETED_DEVICE_FAMILY = "1,2";
			};
			name = Debug;
		};
		44A4626E28D715D90060AB2A /* Release */ = {
			isa = XCBuildConfiguration;
			buildSettings = {
				ASSETCATALOG_COMPILER_APPICON_NAME = AppIcon;
				ASSETCATALOG_COMPILER_GLOBAL_ACCENT_COLOR_NAME = AccentColor;
				CODE_SIGN_STYLE = Automatic;
				CURRENT_PROJECT_VERSION = 1;
				DEVELOPMENT_TEAM = QQHVHMVA9Q;
				GENERATE_INFOPLIST_FILE = YES;
				INFOPLIST_FILE = ImageSearch/Info.plist;
				INFOPLIST_KEY_UIApplicationSupportsIndirectInputEvents = YES;
				INFOPLIST_KEY_UILaunchStoryboardName = LaunchScreen;
				INFOPLIST_KEY_UIMainStoryboardFile = Main;
				INFOPLIST_KEY_UISupportedInterfaceOrientations_iPad = "UIInterfaceOrientationPortrait UIInterfaceOrientationPortraitUpsideDown UIInterfaceOrientationLandscapeLeft UIInterfaceOrientationLandscapeRight";
				INFOPLIST_KEY_UISupportedInterfaceOrientations_iPhone = "UIInterfaceOrientationPortrait UIInterfaceOrientationLandscapeLeft UIInterfaceOrientationLandscapeRight";
				LD_RUNPATH_SEARCH_PATHS = (
					"$(inherited)",
					"@executable_path/Frameworks",
				);
				MARKETING_VERSION = 1.0;
				PRODUCT_BUNDLE_IDENTIFIER = jwcw.ImageSearch;
				PRODUCT_NAME = "$(TARGET_NAME)";
				SWIFT_EMIT_LOC_STRINGS = YES;
				SWIFT_VERSION = 5.0;
				TARGETED_DEVICE_FAMILY = "1,2";
			};
			name = Release;
		};
		44A4627028D715D90060AB2A /* Debug */ = {
			isa = XCBuildConfiguration;
			buildSettings = {
				ALWAYS_EMBED_SWIFT_STANDARD_LIBRARIES = YES;
				BUNDLE_LOADER = "$(TEST_HOST)";
				CODE_SIGN_STYLE = Automatic;
				CURRENT_PROJECT_VERSION = 1;
				DEVELOPMENT_TEAM = QQHVHMVA9Q;
				GENERATE_INFOPLIST_FILE = YES;
				IPHONEOS_DEPLOYMENT_TARGET = 15.5;
				MARKETING_VERSION = 1.0;
				PRODUCT_BUNDLE_IDENTIFIER = jwcw.ImageSearchTests;
				PRODUCT_NAME = "$(TARGET_NAME)";
				SWIFT_EMIT_LOC_STRINGS = NO;
				SWIFT_VERSION = 5.0;
				TARGETED_DEVICE_FAMILY = "1,2";
				TEST_HOST = "$(BUILT_PRODUCTS_DIR)/ImageSearch.app/ImageSearch";
			};
			name = Debug;
		};
		44A4627128D715D90060AB2A /* Release */ = {
			isa = XCBuildConfiguration;
			buildSettings = {
				ALWAYS_EMBED_SWIFT_STANDARD_LIBRARIES = YES;
				BUNDLE_LOADER = "$(TEST_HOST)";
				CODE_SIGN_STYLE = Automatic;
				CURRENT_PROJECT_VERSION = 1;
				DEVELOPMENT_TEAM = QQHVHMVA9Q;
				GENERATE_INFOPLIST_FILE = YES;
				IPHONEOS_DEPLOYMENT_TARGET = 15.5;
				MARKETING_VERSION = 1.0;
				PRODUCT_BUNDLE_IDENTIFIER = jwcw.ImageSearchTests;
				PRODUCT_NAME = "$(TARGET_NAME)";
				SWIFT_EMIT_LOC_STRINGS = NO;
				SWIFT_VERSION = 5.0;
				TARGETED_DEVICE_FAMILY = "1,2";
				TEST_HOST = "$(BUILT_PRODUCTS_DIR)/ImageSearch.app/ImageSearch";
			};
			name = Release;
		};
		44A4627328D715D90060AB2A /* Debug */ = {
			isa = XCBuildConfiguration;
			buildSettings = {
				ALWAYS_EMBED_SWIFT_STANDARD_LIBRARIES = YES;
				CODE_SIGN_STYLE = Automatic;
				CURRENT_PROJECT_VERSION = 1;
				DEVELOPMENT_TEAM = QQHVHMVA9Q;
				GENERATE_INFOPLIST_FILE = YES;
				MARKETING_VERSION = 1.0;
				PRODUCT_BUNDLE_IDENTIFIER = jwcw.ImageSearchUITests;
				PRODUCT_NAME = "$(TARGET_NAME)";
				SWIFT_EMIT_LOC_STRINGS = NO;
				SWIFT_VERSION = 5.0;
				TARGETED_DEVICE_FAMILY = "1,2";
				TEST_TARGET_NAME = ImageSearch;
			};
			name = Debug;
		};
		44A4627428D715D90060AB2A /* Release */ = {
			isa = XCBuildConfiguration;
			buildSettings = {
				ALWAYS_EMBED_SWIFT_STANDARD_LIBRARIES = YES;
				CODE_SIGN_STYLE = Automatic;
				CURRENT_PROJECT_VERSION = 1;
				DEVELOPMENT_TEAM = QQHVHMVA9Q;
				GENERATE_INFOPLIST_FILE = YES;
				MARKETING_VERSION = 1.0;
				PRODUCT_BUNDLE_IDENTIFIER = jwcw.ImageSearchUITests;
				PRODUCT_NAME = "$(TARGET_NAME)";
				SWIFT_EMIT_LOC_STRINGS = NO;
				SWIFT_VERSION = 5.0;
				TARGETED_DEVICE_FAMILY = "1,2";
				TEST_TARGET_NAME = ImageSearch;
			};
			name = Release;
		};
/* End XCBuildConfiguration section */

/* Begin XCConfigurationList section */
		44A4623D28D715D90060AB2A /* Build configuration list for PBXProject "ImageSearch" */ = {
			isa = XCConfigurationList;
			buildConfigurations = (
				44A4626A28D715D90060AB2A /* Debug */,
				44A4626B28D715D90060AB2A /* Release */,
			);
			defaultConfigurationIsVisible = 0;
			defaultConfigurationName = Release;
		};
		44A4626C28D715D90060AB2A /* Build configuration list for PBXNativeTarget "ImageSearch" */ = {
			isa = XCConfigurationList;
			buildConfigurations = (
				44A4626D28D715D90060AB2A /* Debug */,
				44A4626E28D715D90060AB2A /* Release */,
			);
			defaultConfigurationIsVisible = 0;
			defaultConfigurationName = Release;
		};
		44A4626F28D715D90060AB2A /* Build configuration list for PBXNativeTarget "ImageSearchTests" */ = {
			isa = XCConfigurationList;
			buildConfigurations = (
				44A4627028D715D90060AB2A /* Debug */,
				44A4627128D715D90060AB2A /* Release */,
			);
			defaultConfigurationIsVisible = 0;
			defaultConfigurationName = Release;
		};
		44A4627228D715D90060AB2A /* Build configuration list for PBXNativeTarget "ImageSearchUITests" */ = {
			isa = XCConfigurationList;
			buildConfigurations = (
				44A4627328D715D90060AB2A /* Debug */,
				44A4627428D715D90060AB2A /* Release */,
			);
			defaultConfigurationIsVisible = 0;
			defaultConfigurationName = Release;
		};
/* End XCConfigurationList section */
	};
	rootObject = 44A4623A28D715D90060AB2A /* Project object */;
}
